
Microsoft Visual Studio Solution File, Format Version 12.00
# Visual Studio Version 16
VisualStudioVersion = 16.0.30011.22
MinimumVisualStudioVersion = 10.0.40219.1
Project("{9A19103F-16F7-4668-BE54-9A1E7A4F7556}") = "RevatureP0", "RevatureP0\RevatureP0.csproj", "{C0FD174E-D0FC-4144-81D9-5C00B6987441}"
EndProject
Project("{9A19103F-16F7-4668-BE54-9A1E7A4F7556}") = "P0DatabaseApi", "P0DatabaseApi\P0DatabaseApi.csproj", "{67149C62-3366-4CFD-A874-27BECC6349C2}"
EndProject
Project("{FAE04EC0-301F-11D3-BF4B-00C04F79EFBC}") = "StoreBackend", "StoreBackend\StoreBackend.csproj", "{151AFA4E-FE6C-4E67-A905-1C919CBB53AA}"
EndProject
Project("{FAE04EC0-301F-11D3-BF4B-00C04F79EFBC}") = "BackendTests", "BackendTests\BackendTests.csproj", "{A7569F46-0CA6-4A3B-9522-F6F248C412EE}"
EndProject
Global
	GlobalSection(SolutionConfigurationPlatforms) = preSolution
		Debug|Any CPU = Debug|Any CPU
		Release|Any CPU = Release|Any CPU
	EndGlobalSection
	GlobalSection(ProjectConfigurationPlatforms) = postSolution
		{C0FD174E-D0FC-4144-81D9-5C00B6987441}.Debug|Any CPU.ActiveCfg = Debug|Any CPU
		{C0FD174E-D0FC-4144-81D9-5C00B6987441}.Debug|Any CPU.Build.0 = Debug|Any CPU
		{C0FD174E-D0FC-4144-81D9-5C00B6987441}.Release|Any CPU.ActiveCfg = Release|Any CPU
		{C0FD174E-D0FC-4144-81D9-5C00B6987441}.Release|Any CPU.Build.0 = Release|Any CPU
		{67149C62-3366-4CFD-A874-27BECC6349C2}.Debug|Any CPU.ActiveCfg = Debug|Any CPU
		{67149C62-3366-4CFD-A874-27BECC6349C2}.Debug|Any CPU.Build.0 = Debug|Any CPU
		{67149C62-3366-4CFD-A874-27BECC6349C2}.Release|Any CPU.ActiveCfg = Release|Any CPU
		{67149C62-3366-4CFD-A874-27BECC6349C2}.Release|Any CPU.Build.0 = Release|Any CPU
		{151AFA4E-FE6C-4E67-A905-1C919CBB53AA}.Debug|Any CPU.ActiveCfg = Debug|Any CPU
		{151AFA4E-FE6C-4E67-A905-1C919CBB53AA}.Debug|Any CPU.Build.0 = Debug|Any CPU
		{151AFA4E-FE6C-4E67-A905-1C919CBB53AA}.Release|Any CPU.ActiveCfg = Release|Any CPU
		{151AFA4E-FE6C-4E67-A905-1C919CBB53AA}.Release|Any CPU.Build.0 = Release|Any CPU
		{A7569F46-0CA6-4A3B-9522-F6F248C412EE}.Debug|Any CPU.ActiveCfg = Debug|Any CPU
		{A7569F46-0CA6-4A3B-9522-F6F248C412EE}.Debug|Any CPU.Build.0 = Debug|Any CPU
		{A7569F46-0CA6-4A3B-9522-F6F248C412EE}.Release|Any CPU.ActiveCfg = Release|Any CPU
		{A7569F46-0CA6-4A3B-9522-F6F248C412EE}.Release|Any CPU.Build.0 = Release|Any CPU
	EndGlobalSection
	GlobalSection(SolutionProperties) = preSolution
		HideSolutionNode = FALSE
	EndGlobalSection
	GlobalSection(ExtensibilityGlobals) = postSolution
		SolutionGuid = {4E080170-6CDA-4717-8E8C-1B17C4B829BC}
	EndGlobalSection
EndGlobal
