
Microsoft Visual Studio Solution File, Format Version 12.00
# Visual Studio 15
VisualStudioVersion = 15.0.26124.0
MinimumVisualStudioVersion = 15.0.26124.0
Project("{2150E333-8FDC-42A3-9474-1A3956D46DE8}") = "src", "src", "{F0D8E254-20DA-4C5B-83C2-31E32B8922F3}"
EndProject
Project("{FAE04EC0-301F-11D3-BF4B-00C04F79EFBC}") = "GradeBook", "src\GradeBook\GradeBook.csproj", "{EF9B2DEE-B594-4ED5-870A-2F617ADD7D43}"
EndProject
Project("{2150E333-8FDC-42A3-9474-1A3956D46DE8}") = "test", "test", "{B56714E6-9E7F-488D-8D02-BA0F7CA3B4B3}"
EndProject
Project("{FAE04EC0-301F-11D3-BF4B-00C04F79EFBC}") = "GradeBook.Tests", "test\GradeBook.Tests\GradeBook.Tests.csproj", "{A4FEA629-44B3-419F-A753-89E8D2F63C14}"
EndProject
Global
	GlobalSection(SolutionConfigurationPlatforms) = preSolution
		Debug|Any CPU = Debug|Any CPU
		Debug|x64 = Debug|x64
		Debug|x86 = Debug|x86
		Release|Any CPU = Release|Any CPU
		Release|x64 = Release|x64
		Release|x86 = Release|x86
	EndGlobalSection
	GlobalSection(SolutionProperties) = preSolution
		HideSolutionNode = FALSE
	EndGlobalSection
	GlobalSection(ProjectConfigurationPlatforms) = postSolution
		{EF9B2DEE-B594-4ED5-870A-2F617ADD7D43}.Debug|Any CPU.ActiveCfg = Debug|Any CPU
		{EF9B2DEE-B594-4ED5-870A-2F617ADD7D43}.Debug|Any CPU.Build.0 = Debug|Any CPU
		{EF9B2DEE-B594-4ED5-870A-2F617ADD7D43}.Debug|x64.ActiveCfg = Debug|Any CPU
		{EF9B2DEE-B594-4ED5-870A-2F617ADD7D43}.Debug|x64.Build.0 = Debug|Any CPU
		{EF9B2DEE-B594-4ED5-870A-2F617ADD7D43}.Debug|x86.ActiveCfg = Debug|Any CPU
		{EF9B2DEE-B594-4ED5-870A-2F617ADD7D43}.Debug|x86.Build.0 = Debug|Any CPU
		{EF9B2DEE-B594-4ED5-870A-2F617ADD7D43}.Release|Any CPU.ActiveCfg = Release|Any CPU
		{EF9B2DEE-B594-4ED5-870A-2F617ADD7D43}.Release|Any CPU.Build.0 = Release|Any CPU
		{EF9B2DEE-B594-4ED5-870A-2F617ADD7D43}.Release|x64.ActiveCfg = Release|Any CPU
		{EF9B2DEE-B594-4ED5-870A-2F617ADD7D43}.Release|x64.Build.0 = Release|Any CPU
		{EF9B2DEE-B594-4ED5-870A-2F617ADD7D43}.Release|x86.ActiveCfg = Release|Any CPU
		{EF9B2DEE-B594-4ED5-870A-2F617ADD7D43}.Release|x86.Build.0 = Release|Any CPU
		{A4FEA629-44B3-419F-A753-89E8D2F63C14}.Debug|Any CPU.ActiveCfg = Debug|Any CPU
		{A4FEA629-44B3-419F-A753-89E8D2F63C14}.Debug|Any CPU.Build.0 = Debug|Any CPU
		{A4FEA629-44B3-419F-A753-89E8D2F63C14}.Debug|x64.ActiveCfg = Debug|Any CPU
		{A4FEA629-44B3-419F-A753-89E8D2F63C14}.Debug|x64.Build.0 = Debug|Any CPU
		{A4FEA629-44B3-419F-A753-89E8D2F63C14}.Debug|x86.ActiveCfg = Debug|Any CPU
		{A4FEA629-44B3-419F-A753-89E8D2F63C14}.Debug|x86.Build.0 = Debug|Any CPU
		{A4FEA629-44B3-419F-A753-89E8D2F63C14}.Release|Any CPU.ActiveCfg = Release|Any CPU
		{A4FEA629-44B3-419F-A753-89E8D2F63C14}.Release|Any CPU.Build.0 = Release|Any CPU
		{A4FEA629-44B3-419F-A753-89E8D2F63C14}.Release|x64.ActiveCfg = Release|Any CPU
		{A4FEA629-44B3-419F-A753-89E8D2F63C14}.Release|x64.Build.0 = Release|Any CPU
		{A4FEA629-44B3-419F-A753-89E8D2F63C14}.Release|x86.ActiveCfg = Release|Any CPU
		{A4FEA629-44B3-419F-A753-89E8D2F63C14}.Release|x86.Build.0 = Release|Any CPU
	EndGlobalSection
	GlobalSection(NestedProjects) = preSolution
		{EF9B2DEE-B594-4ED5-870A-2F617ADD7D43} = {F0D8E254-20DA-4C5B-83C2-31E32B8922F3}
		{A4FEA629-44B3-419F-A753-89E8D2F63C14} = {B56714E6-9E7F-488D-8D02-BA0F7CA3B4B3}
	EndGlobalSection
EndGlobal
