
Microsoft Visual Studio Solution File, Format Version 12.00
# Visual Studio Version 16
VisualStudioVersion = 16.0.29806.167
MinimumVisualStudioVersion = 10.0.40219.1
Project("{FAE04EC0-301F-11D3-BF4B-00C04F79EFBC}") = "Introduction", "Introduction\Introduction.csproj", "{DA013FC8-E2E6-493C-B018-E703C9690EB3}"
EndProject
Project("{FAE04EC0-301F-11D3-BF4B-00C04F79EFBC}") = "Features", "Features\Features.csproj", "{B7154FCC-80BE-4260-A2C1-70ED25BE1920}"
EndProject
Project("{FAE04EC0-301F-11D3-BF4B-00C04F79EFBC}") = "Queries", "Queries\Queries.csproj", "{0DFC6D91-2705-494C-B97B-752A16E3FB94}"
EndProject
Project("{FAE04EC0-301F-11D3-BF4B-00C04F79EFBC}") = "Cars", "Cars\Cars.csproj", "{97996F7F-E017-48E7-8A2F-2ECBF1CC9B7E}"
EndProject
Global
	GlobalSection(SolutionConfigurationPlatforms) = preSolution
		Debug|Any CPU = Debug|Any CPU
		Release|Any CPU = Release|Any CPU
	EndGlobalSection
	GlobalSection(ProjectConfigurationPlatforms) = postSolution
		{DA013FC8-E2E6-493C-B018-E703C9690EB3}.Debug|Any CPU.ActiveCfg = Debug|Any CPU
		{DA013FC8-E2E6-493C-B018-E703C9690EB3}.Debug|Any CPU.Build.0 = Debug|Any CPU
		{DA013FC8-E2E6-493C-B018-E703C9690EB3}.Release|Any CPU.ActiveCfg = Release|Any CPU
		{DA013FC8-E2E6-493C-B018-E703C9690EB3}.Release|Any CPU.Build.0 = Release|Any CPU
		{B7154FCC-80BE-4260-A2C1-70ED25BE1920}.Debug|Any CPU.ActiveCfg = Debug|Any CPU
		{B7154FCC-80BE-4260-A2C1-70ED25BE1920}.Debug|Any CPU.Build.0 = Debug|Any CPU
		{B7154FCC-80BE-4260-A2C1-70ED25BE1920}.Release|Any CPU.ActiveCfg = Release|Any CPU
		{B7154FCC-80BE-4260-A2C1-70ED25BE1920}.Release|Any CPU.Build.0 = Release|Any CPU
		{0DFC6D91-2705-494C-B97B-752A16E3FB94}.Debug|Any CPU.ActiveCfg = Debug|Any CPU
		{0DFC6D91-2705-494C-B97B-752A16E3FB94}.Debug|Any CPU.Build.0 = Debug|Any CPU
		{0DFC6D91-2705-494C-B97B-752A16E3FB94}.Release|Any CPU.ActiveCfg = Release|Any CPU
		{0DFC6D91-2705-494C-B97B-752A16E3FB94}.Release|Any CPU.Build.0 = Release|Any CPU
		{97996F7F-E017-48E7-8A2F-2ECBF1CC9B7E}.Debug|Any CPU.ActiveCfg = Debug|Any CPU
		{97996F7F-E017-48E7-8A2F-2ECBF1CC9B7E}.Debug|Any CPU.Build.0 = Debug|Any CPU
		{97996F7F-E017-48E7-8A2F-2ECBF1CC9B7E}.Release|Any CPU.ActiveCfg = Release|Any CPU
		{97996F7F-E017-48E7-8A2F-2ECBF1CC9B7E}.Release|Any CPU.Build.0 = Release|Any CPU
	EndGlobalSection
	GlobalSection(SolutionProperties) = preSolution
		HideSolutionNode = FALSE
	EndGlobalSection
	GlobalSection(ExtensibilityGlobals) = postSolution
		SolutionGuid = {6E794A2E-D132-403F-BBC1-E38901E16CA5}
	EndGlobalSection
EndGlobal
